
Microsoft Visual Studio Solution File, Format Version 12.00
# Visual Studio 15
VisualStudioVersion = 15.0.28307.489
MinimumVisualStudioVersion = 10.0.40219.1
Project("{888888A0-9F3D-457C-B088-3A5042F75D52}") = "lambda-functions", "lambda-functions.pyproj", "{664EC2E2-E732-4B4E-8C34-022293B6BAA2}"
EndProject
Global
	GlobalSection(SolutionConfigurationPlatforms) = preSolution
		Debug|Any CPU = Debug|Any CPU
		Release|Any CPU = Release|Any CPU
	EndGlobalSection
	GlobalSection(ProjectConfigurationPlatforms) = postSolution
		{664EC2E2-E732-4B4E-8C34-022293B6BAA2}.Debug|Any CPU.ActiveCfg = Debug|Any CPU
		{664EC2E2-E732-4B4E-8C34-022293B6BAA2}.Release|Any CPU.ActiveCfg = Release|Any CPU
	EndGlobalSection
	GlobalSection(SolutionProperties) = preSolution
		HideSolutionNode = FALSE
	EndGlobalSection
	GlobalSection(ExtensibilityGlobals) = postSolution
		SolutionGuid = {D686FC89-6080-4005-B069-C0863760C673}
	EndGlobalSection
EndGlobal
